
Microsoft Visual Studio Solution File, Format Version 12.00
# Visual Studio Version 17
VisualStudioVersion = 17.7.33711.374
MinimumVisualStudioVersion = 10.0.40219.1
Project("{FAE04EC0-301F-11D3-BF4B-00C04F79EFBC}") = "CommentLinks", "src\CommentLinks.csproj", "{785A8A90-5489-4BAB-9CE0-67317C97BA01}"
EndProject
Project("{2150E333-8FDC-42A3-9474-1A3956D46DE8}") = "Solution Items", "Solution Items", "{4B4DC261-E520-4051-B3B9-CB715B63E82A}"
	ProjectSection(SolutionItems) = preProject
		appveyor.yml = appveyor.yml
		CHANGELOG.md = CHANGELOG.md
		README.md = README.md
	EndProjectSection
EndProject
Project("{FAE04EC0-301F-11D3-BF4B-00C04F79EFBC}") = "CommentLinks.Tests", "CommentLinks.Tests\CommentLinks.Tests.csproj", "{15B2D5FA-1402-4082-9D46-E600BB4BD2BD}"
EndProject
Global
	GlobalSection(SolutionConfigurationPlatforms) = preSolution
		Debug|Any CPU = Debug|Any CPU
		Release|Any CPU = Release|Any CPU
	EndGlobalSection
	GlobalSection(ProjectConfigurationPlatforms) = postSolution
		{785A8A90-5489-4BAB-9CE0-67317C97BA01}.Debug|Any CPU.ActiveCfg = Debug|Any CPU
		{785A8A90-5489-4BAB-9CE0-67317C97BA01}.Debug|Any CPU.Build.0 = Debug|Any CPU
		{785A8A90-5489-4BAB-9CE0-67317C97BA01}.Release|Any CPU.ActiveCfg = Release|Any CPU
		{785A8A90-5489-4BAB-9CE0-67317C97BA01}.Release|Any CPU.Build.0 = Release|Any CPU
		{15B2D5FA-1402-4082-9D46-E600BB4BD2BD}.Debug|Any CPU.ActiveCfg = Debug|Any CPU
		{15B2D5FA-1402-4082-9D46-E600BB4BD2BD}.Debug|Any CPU.Build.0 = Debug|Any CPU
		{15B2D5FA-1402-4082-9D46-E600BB4BD2BD}.Release|Any CPU.ActiveCfg = Release|Any CPU
		{15B2D5FA-1402-4082-9D46-E600BB4BD2BD}.Release|Any CPU.Build.0 = Release|Any CPU
	EndGlobalSection
	GlobalSection(SolutionProperties) = preSolution
		HideSolutionNode = FALSE
	EndGlobalSection
	GlobalSection(ExtensibilityGlobals) = postSolution
		SolutionGuid = {F1A4E710-FA3B-42AA-B8BA-3A15DBE3AC7D}
	EndGlobalSection
EndGlobal
